// !$*UTF8*$!
{
	archiveVersion = 1;
	classes = {
	};
	objectVersion = 50;
	objects = {

/* Begin PBXBuildFile section */
		70F35575218020FD00524CEA /* AppDelegate.m in Sources */ = {isa = PBXBuildFile; fileRef = 70F35574218020FD00524CEA /* AppDelegate.m */; };
		70F35578218020FD00524CEA /* ViewController.m in Sources */ = {isa = PBXBuildFile; fileRef = 70F35577218020FD00524CEA /* ViewController.m */; };
		70F3557B218020FD00524CEA /* Main.storyboard in Resources */ = {isa = PBXBuildFile; fileRef = 70F35579218020FD00524CEA /* Main.storyboard */; };
		70F3557D2180210600524CEA /* Assets.xcassets in Resources */ = {isa = PBXBuildFile; fileRef = 70F3557C2180210600524CEA /* Assets.xcassets */; };
		70F355802180210600524CEA /* LaunchScreen.storyboard in Resources */ = {isa = PBXBuildFile; fileRef = 70F3557E2180210600524CEA /* LaunchScreen.storyboard */; };
		70F355832180210600524CEA /* main.m in Sources */ = {isa = PBXBuildFile; fileRef = 70F355822180210600524CEA /* main.m */; };
		70F3558D2180210700524CEA /* sketchPadTests.m in Sources */ = {isa = PBXBuildFile; fileRef = 70F3558C2180210700524CEA /* sketchPadTests.m */; };
		70F3559A2180220D00524CEA /* sketchPadViewController.m in Sources */ = {isa = PBXBuildFile; fileRef = 70F355992180220D00524CEA /* sketchPadViewController.m */; };
		70F3559D2180258B00524CEA /* CustomerBezierPath.m in Sources */ = {isa = PBXBuildFile; fileRef = 70F3559C2180258B00524CEA /* CustomerBezierPath.m */; };
		70F3559F2180463A00524CEA /* sketchPadViewController.xib in Resources */ = {isa = PBXBuildFile; fileRef = 70F3559E2180463A00524CEA /* sketchPadViewController.xib */; };
/* End PBXBuildFile section */

/* Begin PBXContainerItemProxy section */
		70F355892180210700524CEA /* PBXContainerItemProxy */ = {
			isa = PBXContainerItemProxy;
			containerPortal = 70F35568218020FC00524CEA /* Project object */;
			proxyType = 1;
			remoteGlobalIDString = 70F3556F218020FD00524CEA;
			remoteInfo = sketchPad;
		};
/* End PBXContainerItemProxy section */

/* Begin PBXFileReference section */
		70F35570218020FD00524CEA /* sketchPad.app */ = {isa = PBXFileReference; explicitFileType = wrapper.application; includeInIndex = 0; path = sketchPad.app; sourceTree = BUILT_PRODUCTS_DIR; };
		70F35573218020FD00524CEA /* AppDelegate.h */ = {isa = PBXFileReference; lastKnownFileType = sourcecode.c.h; path = AppDelegate.h; sourceTree = "<group>"; };
		70F35574218020FD00524CEA /* AppDelegate.m */ = {isa = PBXFileReference; lastKnownFileType = sourcecode.c.objc; path = AppDelegate.m; sourceTree = "<group>"; };
		70F35576218020FD00524CEA /* ViewController.h */ = {isa = PBXFileReference; lastKnownFileType = sourcecode.c.h; path = ViewController.h; sourceTree = "<group>"; };
		70F35577218020FD00524CEA /* ViewController.m */ = {isa = PBXFileReference; lastKnownFileType = sourcecode.c.objc; path = ViewController.m; sourceTree = "<group>"; };
		70F3557A218020FD00524CEA /* Base */ = {isa = PBXFileReference; lastKnownFileType = file.storyboard; name = Base; path = Base.lproj/Main.storyboard; sourceTree = "<group>"; };
		70F3557C2180210600524CEA /* Assets.xcassets */ = {isa = PBXFileReference; lastKnownFileType = folder.assetcatalog; path = Assets.xcassets; sourceTree = "<group>"; };
		70F3557F2180210600524CEA /* Base */ = {isa = PBXFileReference; lastKnownFileType = file.storyboard; name = Base; path = Base.lproj/LaunchScreen.storyboard; sourceTree = "<group>"; };
		70F355812180210600524CEA /* Info.plist */ = {isa = PBXFileReference; lastKnownFileType = text.plist.xml; path = Info.plist; sourceTree = "<group>"; };
		70F355822180210600524CEA /* main.m */ = {isa = PBXFileReference; lastKnownFileType = sourcecode.c.objc; path = main.m; sourceTree = "<group>"; };
		70F355882180210700524CEA /* sketchPadTests.xctest */ = {isa = PBXFileReference; explicitFileType = wrapper.cfbundle; includeInIndex = 0; path = sketchPadTests.xctest; sourceTree = BUILT_PRODUCTS_DIR; };
		70F3558C2180210700524CEA /* sketchPadTests.m */ = {isa = PBXFileReference; lastKnownFileType = sourcecode.c.objc; path = sketchPadTests.m; sourceTree = "<group>"; };
		70F3558E2180210700524CEA /* Info.plist */ = {isa = PBXFileReference; lastKnownFileType = text.plist.xml; path = Info.plist; sourceTree = "<group>"; };
		70F35598218021FD00524CEA /* sketchPadViewController.h */ = {isa = PBXFileReference; lastKnownFileType = sourcecode.c.h; path = sketchPadViewController.h; sourceTree = "<group>"; };
		70F355992180220D00524CEA /* sketchPadViewController.m */ = {isa = PBXFileReference; lastKnownFileType = sourcecode.c.objc; path = sketchPadViewController.m; sourceTree = "<group>"; };
		70F3559B2180257F00524CEA /* CustomerBezierPath.h */ = {isa = PBXFileReference; lastKnownFileType = sourcecode.c.h; path = CustomerBezierPath.h; sourceTree = "<group>"; };
		70F3559C2180258B00524CEA /* CustomerBezierPath.m */ = {isa = PBXFileReference; lastKnownFileType = sourcecode.c.objc; path = CustomerBezierPath.m; sourceTree = "<group>"; };
		70F3559E2180463A00524CEA /* sketchPadViewController.xib */ = {isa = PBXFileReference; lastKnownFileType = file.xib; path = sketchPadViewController.xib; sourceTree = "<group>"; };
/* End PBXFileReference section */

/* Begin PBXFrameworksBuildPhase section */
		70F3556D218020FD00524CEA /* Frameworks */ = {
			isa = PBXFrameworksBuildPhase;
			buildActionMask = 2147483647;
			files = (
			);
			runOnlyForDeploymentPostprocessing = 0;
		};
		70F355852180210700524CEA /* Frameworks */ = {
			isa = PBXFrameworksBuildPhase;
			buildActionMask = 2147483647;
			files = (
			);
			runOnlyForDeploymentPostprocessing = 0;
		};
/* End PBXFrameworksBuildPhase section */

/* Begin PBXGroup section */
		70F35567218020FC00524CEA = {
			isa = PBXGroup;
			children = (
				70F35597218021DF00524CEA /* sketchPadView */,
				70F35572218020FD00524CEA /* sketchPad */,
				70F3558B2180210700524CEA /* sketchPadTests */,
				70F35571218020FD00524CEA /* Products */,
			);
			sourceTree = "<group>";
		};
		70F35571218020FD00524CEA /* Products */ = {
			isa = PBXGroup;
			children = (
				70F35570218020FD00524CEA /* sketchPad.app */,
				70F355882180210700524CEA /* sketchPadTests.xctest */,
			);
			name = Products;
			sourceTree = "<group>";
		};
		70F35572218020FD00524CEA /* sketchPad */ = {
			isa = PBXGroup;
			children = (
				70F35573218020FD00524CEA /* AppDelegate.h */,
				70F35574218020FD00524CEA /* AppDelegate.m */,
				70F35576218020FD00524CEA /* ViewController.h */,
				70F35577218020FD00524CEA /* ViewController.m */,
				70F35579218020FD00524CEA /* Main.storyboard */,
				70F3557C2180210600524CEA /* Assets.xcassets */,
				70F3557E2180210600524CEA /* LaunchScreen.storyboard */,
				70F355812180210600524CEA /* Info.plist */,
				70F355822180210600524CEA /* main.m */,
			);
			path = sketchPad;
			sourceTree = "<group>";
		};
		70F3558B2180210700524CEA /* sketchPadTests */ = {
			isa = PBXGroup;
			children = (
				70F3558C2180210700524CEA /* sketchPadTests.m */,
				70F3558E2180210700524CEA /* Info.plist */,
			);
			path = sketchPadTests;
			sourceTree = "<group>";
		};
		70F35597218021DF00524CEA /* sketchPadView */ = {
			isa = PBXGroup;
			children = (
				70F35598218021FD00524CEA /* sketchPadViewController.h */,
				70F355992180220D00524CEA /* sketchPadViewController.m */,
				70F3559B2180257F00524CEA /* CustomerBezierPath.h */,
				70F3559C2180258B00524CEA /* CustomerBezierPath.m */,
				70F3559E2180463A00524CEA /* sketchPadViewController.xib */,
			);
			path = sketchPadView;
			sourceTree = "<group>";
		};
/* End PBXGroup section */

/* Begin PBXNativeTarget section */
		70F3556F218020FD00524CEA /* sketchPad */ = {
			isa = PBXNativeTarget;
			buildConfigurationList = 70F355912180210700524CEA /* Build configuration list for PBXNativeTarget "sketchPad" */;
			buildPhases = (
				70F3556C218020FD00524CEA /* Sources */,
				70F3556D218020FD00524CEA /* Frameworks */,
				70F3556E218020FD00524CEA /* Resources */,
			);
			buildRules = (
			);
			dependencies = (
			);
			name = sketchPad;
			productName = sketchPad;
			productReference = 70F35570218020FD00524CEA /* sketchPad.app */;
			productType = "com.apple.product-type.application";
		};
		70F355872180210700524CEA /* sketchPadTests */ = {
			isa = PBXNativeTarget;
			buildConfigurationList = 70F355942180210700524CEA /* Build configuration list for PBXNativeTarget "sketchPadTests" */;
			buildPhases = (
				70F355842180210700524CEA /* Sources */,
				70F355852180210700524CEA /* Frameworks */,
				70F355862180210700524CEA /* Resources */,
			);
			buildRules = (
			);
			dependencies = (
				70F3558A2180210700524CEA /* PBXTargetDependency */,
			);
			name = sketchPadTests;
			productName = sketchPadTests;
			productReference = 70F355882180210700524CEA /* sketchPadTests.xctest */;
			productType = "com.apple.product-type.bundle.unit-test";
		};
/* End PBXNativeTarget section */

/* Begin PBXProject section */
		70F35568218020FC00524CEA /* Project object */ = {
			isa = PBXProject;
			attributes = {
				LastUpgradeCheck = 1000;
				ORGANIZATIONNAME = com.gnway;
				TargetAttributes = {
					70F3556F218020FD00524CEA = {
						CreatedOnToolsVersion = 10.0;
					};
					70F355872180210700524CEA = {
						CreatedOnToolsVersion = 10.0;
						TestTargetID = 70F3556F218020FD00524CEA;
					};
				};
			};
			buildConfigurationList = 70F3556B218020FD00524CEA /* Build configuration list for PBXProject "sketchPad" */;
			compatibilityVersion = "Xcode 9.3";
			developmentRegion = en;
			hasScannedForEncodings = 0;
			knownRegions = (
				en,
				Base,
			);
			mainGroup = 70F35567218020FC00524CEA;
			productRefGroup = 70F35571218020FD00524CEA /* Products */;
			projectDirPath = "";
			projectRoot = "";
			targets = (
				70F3556F218020FD00524CEA /* sketchPad */,
				70F355872180210700524CEA /* sketchPadTests */,
			);
		};
/* End PBXProject section */

/* Begin PBXResourcesBuildPhase section */
		70F3556E218020FD00524CEA /* Resources */ = {
			isa = PBXResourcesBuildPhase;
			buildActionMask = 2147483647;
			files = (
				70F355802180210600524CEA /* LaunchScreen.storyboard in Resources */,
				70F3559F2180463A00524CEA /* sketchPadViewController.xib in Resources */,
				70F3557D2180210600524CEA /* Assets.xcassets in Resources */,
				70F3557B218020FD00524CEA /* Main.storyboard in Resources */,
			);
			runOnlyForDeploymentPostprocessing = 0;
		};
		70F355862180210700524CEA /* Resources */ = {
			isa = PBXResourcesBuildPhase;
			buildActionMask = 2147483647;
			files = (
			);
			runOnlyForDeploymentPostprocessing = 0;
		};
/* End PBXResourcesBuildPhase section */

/* Begin PBXSourcesBuildPhase section */
		70F3556C218020FD00524CEA /* Sources */ = {
			isa = PBXSourcesBuildPhase;
			buildActionMask = 2147483647;
			files = (
				70F3559D2180258B00524CEA /* CustomerBezierPath.m in Sources */,
				70F3559A2180220D00524CEA /* sketchPadViewController.m in Sources */,
				70F35578218020FD00524CEA /* ViewController.m in Sources */,
				70F355832180210600524CEA /* main.m in Sources */,
				70F35575218020FD00524CEA /* AppDelegate.m in Sources */,
			);
			runOnlyForDeploymentPostprocessing = 0;
		};
		70F355842180210700524CEA /* Sources */ = {
			isa = PBXSourcesBuildPhase;
			buildActionMask = 2147483647;
			files = (
				70F3558D2180210700524CEA /* sketchPadTests.m in Sources */,
			);
			runOnlyForDeploymentPostprocessing = 0;
		};
/* End PBXSourcesBuildPhase section */

/* Begin PBXTargetDependency section */
		70F3558A2180210700524CEA /* PBXTargetDependency */ = {
			isa = PBXTargetDependency;
			target = 70F3556F218020FD00524CEA /* sketchPad */;
			targetProxy = 70F355892180210700524CEA /* PBXContainerItemProxy */;
		};
/* End PBXTargetDependency section */

/* Begin PBXVariantGroup section */
		70F35579218020FD00524CEA /* Main.storyboard */ = {
			isa = PBXVariantGroup;
			children = (
				70F3557A218020FD00524CEA /* Base */,
			);
			name = Main.storyboard;
			sourceTree = "<group>";
		};
		70F3557E2180210600524CEA /* LaunchScreen.storyboard */ = {
			isa = PBXVariantGroup;
			children = (
				70F3557F2180210600524CEA /* Base */,
			);
			name = LaunchScreen.storyboard;
			sourceTree = "<group>";
		};
/* End PBXVariantGroup section */

/* Begin XCBuildConfiguration section */
		70F3558F2180210700524CEA /* Debug */ = {
			isa = XCBuildConfiguration;
			buildSettings = {
				ALWAYS_SEARCH_USER_PATHS = NO;
				CLANG_ANALYZER_NONNULL = YES;
				CLANG_ANALYZER_NUMBER_OBJECT_CONVERSION = YES_AGGRESSIVE;
				CLANG_CXX_LANGUAGE_STANDARD = "gnu++14";
				CLANG_CXX_LIBRARY = "libc++";
				CLANG_ENABLE_MODULES = YES;
				CLANG_ENABLE_OBJC_ARC = YES;
				CLANG_ENABLE_OBJC_WEAK = YES;
				CLANG_WARN_BLOCK_CAPTURE_AUTORELEASING = YES;
				CLANG_WARN_BOOL_CONVERSION = YES;
				CLANG_WARN_COMMA = YES;
				CLANG_WARN_CONSTANT_CONVERSION = YES;
				CLANG_WARN_DEPRECATED_OBJC_IMPLEMENTATIONS = YES;
				CLANG_WARN_DIRECT_OBJC_ISA_USAGE = YES_ERROR;
				CLANG_WARN_DOCUMENTATION_COMMENTS = YES;
				CLANG_WARN_EMPTY_BODY = YES;
				CLANG_WARN_ENUM_CONVERSION = YES;
				CLANG_WARN_INFINITE_RECURSION = YES;
				CLANG_WARN_INT_CONVERSION = YES;
				CLANG_WARN_NON_LITERAL_NULL_CONVERSION = YES;
				CLANG_WARN_OBJC_IMPLICIT_RETAIN_SELF = YES;
				CLANG_WARN_OBJC_LITERAL_CONVERSION = YES;
				CLANG_WARN_OBJC_ROOT_CLASS = YES_ERROR;
				CLANG_WARN_RANGE_LOOP_ANALYSIS = YES;
				CLANG_WARN_STRICT_PROTOTYPES = YES;
				CLANG_WARN_SUSPICIOUS_MOVE = YES;
				CLANG_WARN_UNGUARDED_AVAILABILITY = YES_AGGRESSIVE;
				CLANG_WARN_UNREACHABLE_CODE = YES;
				CLANG_WARN__DUPLICATE_METHOD_MATCH = YES;
				CODE_SIGN_IDENTITY = "iPhone Developer";
				COPY_PHASE_STRIP = NO;
				DEBUG_INFORMATION_FORMAT = dwarf;
				ENABLE_STRICT_OBJC_MSGSEND = YES;
				ENABLE_TESTABILITY = YES;
				GCC_C_LANGUAGE_STANDARD = gnu11;
				GCC_DYNAMIC_NO_PIC = NO;
				GCC_NO_COMMON_BLOCKS = YES;
				GCC_OPTIMIZATION_LEVEL = 0;
				GCC_PREPROCESSOR_DEFINITIONS = (
					"DEBUG=1",
					"$(inherited)",
				);
				GCC_WARN_64_TO_32_BIT_CONVERSION = YES;
				GCC_WARN_ABOUT_RETURN_TYPE = YES_ERROR;
				GCC_WARN_UNDECLARED_SELECTOR = YES;
				GCC_WARN_UNINITIALIZED_AUTOS = YES_AGGRESSIVE;
				GCC_WARN_UNUSED_FUNCTION = YES;
				GCC_WARN_UNUSED_VARIABLE = YES;
				IPHONEOS_DEPLOYMENT_TARGET = 12.0;
				MTL_ENABLE_DEBUG_INFO = INCLUDE_SOURCE;
				MTL_FAST_MATH = YES;
				ONLY_ACTIVE_ARCH = YES;
				SDKROOT = iphoneos;
			};
			name = Debug;
		};
		70F355902180210700524CEA /* Release */ = {
			isa = XCBuildConfiguration;
			buildSettings = {
				ALWAYS_SEARCH_USER_PATHS = NO;
				CLANG_ANALYZER_NONNULL = YES;
				CLANG_ANALYZER_NUMBER_OBJECT_CONVERSION = YES_AGGRESSIVE;
				CLANG_CXX_LANGUAGE_STANDARD = "gnu++14";
				CLANG_CXX_LIBRARY = "libc++";
				CLANG_ENABLE_MODULES = YES;
				CLANG_ENABLE_OBJC_ARC = YES;
				CLANG_ENABLE_OBJC_WEAK = YES;
				CLANG_WARN_BLOCK_CAPTURE_AUTORELEASING = YES;
				CLANG_WARN_BOOL_CONVERSION = YES;
				CLANG_WARN_COMMA = YES;
				CLANG_WARN_CONSTANT_CONVERSION = YES;
				CLANG_WARN_DEPRECATED_OBJC_IMPLEMENTATIONS = YES;
				CLANG_WARN_DIRECT_OBJC_ISA_USAGE = YES_ERROR;
				CLANG_WARN_DOCUMENTATION_COMMENTS = YES;
				CLANG_WARN_EMPTY_BODY = YES;
				CLANG_WARN_ENUM_CONVERSION = YES;
				CLANG_WARN_INFINITE_RECURSION = YES;
				CLANG_WARN_INT_CONVERSION = YES;
				CLANG_WARN_NON_LITERAL_NULL_CONVERSION = YES;
				CLANG_WARN_OBJC_IMPLICIT_RETAIN_SELF = YES;
				CLANG_WARN_OBJC_LITERAL_CONVERSION = YES;
				CLANG_WARN_OBJC_ROOT_CLASS = YES_ERROR;
				CLANG_WARN_RANGE_LOOP_ANALYSIS = YES;
				CLANG_WARN_STRICT_PROTOTYPES = YES;
				CLANG_WARN_SUSPICIOUS_MOVE = YES;
				CLANG_WARN_UNGUARDED_AVAILABILITY = YES_AGGRESSIVE;
				CLANG_WARN_UNREACHABLE_CODE = YES;
				CLANG_WARN__DUPLICATE_METHOD_MATCH = YES;
				CODE_SIGN_IDENTITY = "iPhone Developer";
				COPY_PHASE_STRIP = NO;
				DEBUG_INFORMATION_FORMAT = "dwarf-with-dsym";
				ENABLE_NS_ASSERTIONS = NO;
				ENABLE_STRICT_OBJC_MSGSEND = YES;
				GCC_C_LANGUAGE_STANDARD = gnu11;
				GCC_NO_COMMON_BLOCKS = YES;
				GCC_WARN_64_TO_32_BIT_CONVERSION = YES;
				GCC_WARN_ABOUT_RETURN_TYPE = YES_ERROR;
				GCC_WARN_UNDECLARED_SELECTOR = YES;
				GCC_WARN_UNINITIALIZED_AUTOS = YES_AGGRESSIVE;
				GCC_WARN_UNUSED_FUNCTION = YES;
				GCC_WARN_UNUSED_VARIABLE = YES;
				IPHONEOS_DEPLOYMENT_TARGET = 12.0;
				MTL_ENABLE_DEBUG_INFO = NO;
				MTL_FAST_MATH = YES;
				SDKROOT = iphoneos;
				VALIDATE_PRODUCT = YES;
			};
			name = Release;
		};
		70F355922180210700524CEA /* Debug */ = {
			isa = XCBuildConfiguration;
			buildSettings = {
				ASSETCATALOG_COMPILER_APPICON_NAME = AppIcon;
				CODE_SIGN_STYLE = Automatic;
				DEVELOPMENT_TEAM = CGMZ276XFC;
				INFOPLIST_FILE = sketchPad/Info.plist;
				LD_RUNPATH_SEARCH_PATHS = (
					"$(inherited)",
					"@executable_path/Frameworks",
				);
				PRODUCT_BUNDLE_IDENTIFIER = com.gnway.sketchPad;
				PRODUCT_NAME = "$(TARGET_NAME)";
				TARGETED_DEVICE_FAMILY = "1,2";
			};
			name = Debug;
		};
		70F355932180210700524CEA /* Release */ = {
			isa = XCBuildConfiguration;
			buildSettings = {
				ASSETCATALOG_COMPILER_APPICON_NAME = AppIcon;
				CODE_SIGN_STYLE = Automatic;
				DEVELOPMENT_TEAM = CGMZ276XFC;
				INFOPLIST_FILE = sketchPad/Info.plist;
				LD_RUNPATH_SEARCH_PATHS = (
					"$(inherited)",
					"@executable_path/Frameworks",
				);
				PRODUCT_BUNDLE_IDENTIFIER = com.gnway.sketchPad;
				PRODUCT_NAME = "$(TARGET_NAME)";
				TARGETED_DEVICE_FAMILY = "1,2";
			};
			name = Release;
		};
		70F355952180210700524CEA /* Debug */ = {
			isa = XCBuildConfiguration;
			buildSettings = {
				BUNDLE_LOADER = "$(TEST_HOST)";
				CODE_SIGN_STYLE = Automatic;
				DEVELOPMENT_TEAM = CGMZ276XFC;
				INFOPLIST_FILE = sketchPadTests/Info.plist;
				LD_RUNPATH_SEARCH_PATHS = (
					"$(inherited)",
					"@executable_path/Frameworks",
					"@loader_path/Frameworks",
				);
				PRODUCT_BUNDLE_IDENTIFIER = com.gnway.sketchPadTests;
				PRODUCT_NAME = "$(TARGET_NAME)";
				TARGETED_DEVICE_FAMILY = "1,2";
				TEST_HOST = "$(BUILT_PRODUCTS_DIR)/sketchPad.app/sketchPad";
			};
			name = Debug;
		};
		70F355962180210700524CEA /* Release */ = {
			isa = XCBuildConfiguration;
			buildSettings = {
				BUNDLE_LOADER = "$(TEST_HOST)";
				CODE_SIGN_STYLE = Automatic;
				DEVELOPMENT_TEAM = CGMZ276XFC;
				INFOPLIST_FILE = sketchPadTests/Info.plist;
				LD_RUNPATH_SEARCH_PATHS = (
					"$(inherited)",
					"@executable_path/Frameworks",
					"@loader_path/Frameworks",
				);
				PRODUCT_BUNDLE_IDENTIFIER = com.gnway.sketchPadTests;
				PRODUCT_NAME = "$(TARGET_NAME)";
				TARGETED_DEVICE_FAMILY = "1,2";
				TEST_HOST = "$(BUILT_PRODUCTS_DIR)/sketchPad.app/sketchPad";
			};
			name = Release;
		};
/* End XCBuildConfiguration section */

/* Begin XCConfigurationList section */
		70F3556B218020FD00524CEA /* Build configuration list for PBXProject "sketchPad" */ = {
			isa = XCConfigurationList;
			buildConfigurations = (
				70F3558F2180210700524CEA /* Debug */,
				70F355902180210700524CEA /* Release */,
			);
			defaultConfigurationIsVisible = 0;
			defaultConfigurationName = Release;
		};
		70F355912180210700524CEA /* Build configuration list for PBXNativeTarget "sketchPad" */ = {
			isa = XCConfigurationList;
			buildConfigurations = (
				70F355922180210700524CEA /* Debug */,
				70F355932180210700524CEA /* Release */,
			);
			defaultConfigurationIsVisible = 0;
			defaultConfigurationName = Release;
		};
		70F355942180210700524CEA /* Build configuration list for PBXNativeTarget "sketchPadTests" */ = {
			isa = XCConfigurationList;
			buildConfigurations = (
				70F355952180210700524CEA /* Debug */,
				70F355962180210700524CEA /* Release */,
			);
			defaultConfigurationIsVisible = 0;
			defaultConfigurationName = Release;
		};
/* End XCConfigurationList section */
	};
	rootObject = 70F35568218020FC00524CEA /* Project object */;
}
