// !$*UTF8*$!
{
	archiveVersion = 1;
	classes = {
	};
	objectVersion = 50;
	objects = {

/* Begin PBXBuildFile section */
		700D658022B36CFB005BF026 /* AppDelegate.m in Sources */ = {isa = PBXBuildFile; fileRef = 700D657F22B36CFB005BF026 /* AppDelegate.m */; };
		700D658322B36CFB005BF026 /* ViewController.m in Sources */ = {isa = PBXBuildFile; fileRef = 700D658222B36CFB005BF026 /* ViewController.m */; };
		700D658622B36CFB005BF026 /* Main.storyboard in Resources */ = {isa = PBXBuildFile; fileRef = 700D658422B36CFB005BF026 /* Main.storyboard */; };
		700D658822B36D05005BF026 /* Assets.xcassets in Resources */ = {isa = PBXBuildFile; fileRef = 700D658722B36D05005BF026 /* Assets.xcassets */; };
		700D658B22B36D05005BF026 /* LaunchScreen.storyboard in Resources */ = {isa = PBXBuildFile; fileRef = 700D658922B36D05005BF026 /* LaunchScreen.storyboard */; };
		700D658E22B36D05005BF026 /* main.m in Sources */ = {isa = PBXBuildFile; fileRef = 700D658D22B36D05005BF026 /* main.m */; };
		700D659522B36E34005BF026 /* 1.txt in Resources */ = {isa = PBXBuildFile; fileRef = 700D659422B36E34005BF026 /* 1.txt */; };
		BC89F538F9E5CEE84211BC15 /* libPods-urlsessionUpload.a in Frameworks */ = {isa = PBXBuildFile; fileRef = 8B4592087D183EA0F6912A8D /* libPods-urlsessionUpload.a */; };
/* End PBXBuildFile section */

/* Begin PBXFileReference section */
		0856A7C9F3FBD82C567D9061 /* Pods-urlsessionUpload.release.xcconfig */ = {isa = PBXFileReference; includeInIndex = 1; lastKnownFileType = text.xcconfig; name = "Pods-urlsessionUpload.release.xcconfig"; path = "Pods/Target Support Files/Pods-urlsessionUpload/Pods-urlsessionUpload.release.xcconfig"; sourceTree = "<group>"; };
		700D657B22B36CFB005BF026 /* urlsessionUpload.app */ = {isa = PBXFileReference; explicitFileType = wrapper.application; includeInIndex = 0; path = urlsessionUpload.app; sourceTree = BUILT_PRODUCTS_DIR; };
		700D657E22B36CFB005BF026 /* AppDelegate.h */ = {isa = PBXFileReference; lastKnownFileType = sourcecode.c.h; path = AppDelegate.h; sourceTree = "<group>"; };
		700D657F22B36CFB005BF026 /* AppDelegate.m */ = {isa = PBXFileReference; lastKnownFileType = sourcecode.c.objc; path = AppDelegate.m; sourceTree = "<group>"; };
		700D658122B36CFB005BF026 /* ViewController.h */ = {isa = PBXFileReference; lastKnownFileType = sourcecode.c.h; path = ViewController.h; sourceTree = "<group>"; };
		700D658222B36CFB005BF026 /* ViewController.m */ = {isa = PBXFileReference; lastKnownFileType = sourcecode.c.objc; path = ViewController.m; sourceTree = "<group>"; };
		700D658522B36CFB005BF026 /* Base */ = {isa = PBXFileReference; lastKnownFileType = file.storyboard; name = Base; path = Base.lproj/Main.storyboard; sourceTree = "<group>"; };
		700D658722B36D05005BF026 /* Assets.xcassets */ = {isa = PBXFileReference; lastKnownFileType = folder.assetcatalog; path = Assets.xcassets; sourceTree = "<group>"; };
		700D658A22B36D05005BF026 /* Base */ = {isa = PBXFileReference; lastKnownFileType = file.storyboard; name = Base; path = Base.lproj/LaunchScreen.storyboard; sourceTree = "<group>"; };
		700D658C22B36D05005BF026 /* Info.plist */ = {isa = PBXFileReference; lastKnownFileType = text.plist.xml; path = Info.plist; sourceTree = "<group>"; };
		700D658D22B36D05005BF026 /* main.m */ = {isa = PBXFileReference; lastKnownFileType = sourcecode.c.objc; path = main.m; sourceTree = "<group>"; };
		700D659422B36E34005BF026 /* 1.txt */ = {isa = PBXFileReference; lastKnownFileType = text; path = 1.txt; sourceTree = "<group>"; };
		8B4592087D183EA0F6912A8D /* libPods-urlsessionUpload.a */ = {isa = PBXFileReference; explicitFileType = archive.ar; includeInIndex = 0; path = "libPods-urlsessionUpload.a"; sourceTree = BUILT_PRODUCTS_DIR; };
		B0D4892994F0E01FF6F82026 /* Pods-urlsessionUpload.debug.xcconfig */ = {isa = PBXFileReference; includeInIndex = 1; lastKnownFileType = text.xcconfig; name = "Pods-urlsessionUpload.debug.xcconfig"; path = "Pods/Target Support Files/Pods-urlsessionUpload/Pods-urlsessionUpload.debug.xcconfig"; sourceTree = "<group>"; };
/* End PBXFileReference section */

/* Begin PBXFrameworksBuildPhase section */
		700D657822B36CFB005BF026 /* Frameworks */ = {
			isa = PBXFrameworksBuildPhase;
			buildActionMask = 2147483647;
			files = (
				BC89F538F9E5CEE84211BC15 /* libPods-urlsessionUpload.a in Frameworks */,
			);
			runOnlyForDeploymentPostprocessing = 0;
		};
/* End PBXFrameworksBuildPhase section */

/* Begin PBXGroup section */
		700D657222B36CFB005BF026 = {
			isa = PBXGroup;
			children = (
				700D657D22B36CFB005BF026 /* urlsessionUpload */,
				700D657C22B36CFB005BF026 /* Products */,
				71AF5609FFEEA0ABE464EDE5 /* Pods */,
				D7B61CFCD0FDA4C614C740B3 /* Frameworks */,
			);
			sourceTree = "<group>";
		};
		700D657C22B36CFB005BF026 /* Products */ = {
			isa = PBXGroup;
			children = (
				700D657B22B36CFB005BF026 /* urlsessionUpload.app */,
			);
			name = Products;
			sourceTree = "<group>";
		};
		700D657D22B36CFB005BF026 /* urlsessionUpload */ = {
			isa = PBXGroup;
			children = (
				700D657E22B36CFB005BF026 /* AppDelegate.h */,
				700D657F22B36CFB005BF026 /* AppDelegate.m */,
				700D658122B36CFB005BF026 /* ViewController.h */,
				700D658222B36CFB005BF026 /* ViewController.m */,
				700D658422B36CFB005BF026 /* Main.storyboard */,
				700D658722B36D05005BF026 /* Assets.xcassets */,
				700D658922B36D05005BF026 /* LaunchScreen.storyboard */,
				700D658C22B36D05005BF026 /* Info.plist */,
				700D658D22B36D05005BF026 /* main.m */,
				700D659422B36E34005BF026 /* 1.txt */,
			);
			path = urlsessionUpload;
			sourceTree = "<group>";
		};
		71AF5609FFEEA0ABE464EDE5 /* Pods */ = {
			isa = PBXGroup;
			children = (
				B0D4892994F0E01FF6F82026 /* Pods-urlsessionUpload.debug.xcconfig */,
				0856A7C9F3FBD82C567D9061 /* Pods-urlsessionUpload.release.xcconfig */,
			);
			name = Pods;
			sourceTree = "<group>";
		};
		D7B61CFCD0FDA4C614C740B3 /* Frameworks */ = {
			isa = PBXGroup;
			children = (
				8B4592087D183EA0F6912A8D /* libPods-urlsessionUpload.a */,
			);
			name = Frameworks;
			sourceTree = "<group>";
		};
/* End PBXGroup section */

/* Begin PBXNativeTarget section */
		700D657A22B36CFB005BF026 /* urlsessionUpload */ = {
			isa = PBXNativeTarget;
			buildConfigurationList = 700D659122B36D05005BF026 /* Build configuration list for PBXNativeTarget "urlsessionUpload" */;
			buildPhases = (
				E283B75FD68B2DD85ED682B6 /* [CP] Check Pods Manifest.lock */,
				700D657722B36CFB005BF026 /* Sources */,
				700D657822B36CFB005BF026 /* Frameworks */,
				700D657922B36CFB005BF026 /* Resources */,
			);
			buildRules = (
			);
			dependencies = (
			);
			name = urlsessionUpload;
			productName = urlsessionUpload;
			productReference = 700D657B22B36CFB005BF026 /* urlsessionUpload.app */;
			productType = "com.apple.product-type.application";
		};
/* End PBXNativeTarget section */

/* Begin PBXProject section */
		700D657322B36CFB005BF026 /* Project object */ = {
			isa = PBXProject;
			attributes = {
				LastUpgradeCheck = 1020;
				ORGANIZATIONNAME = com.gnway;
				TargetAttributes = {
					700D657A22B36CFB005BF026 = {
						CreatedOnToolsVersion = 10.2.1;
					};
				};
			};
			buildConfigurationList = 700D657622B36CFB005BF026 /* Build configuration list for PBXProject "urlsessionUpload" */;
			compatibilityVersion = "Xcode 9.3";
			developmentRegion = en;
			hasScannedForEncodings = 0;
			knownRegions = (
				en,
				Base,
			);
			mainGroup = 700D657222B36CFB005BF026;
			productRefGroup = 700D657C22B36CFB005BF026 /* Products */;
			projectDirPath = "";
			projectRoot = "";
			targets = (
				700D657A22B36CFB005BF026 /* urlsessionUpload */,
			);
		};
/* End PBXProject section */

/* Begin PBXResourcesBuildPhase section */
		700D657922B36CFB005BF026 /* Resources */ = {
			isa = PBXResourcesBuildPhase;
			buildActionMask = 2147483647;
			files = (
				700D659522B36E34005BF026 /* 1.txt in Resources */,
				700D658B22B36D05005BF026 /* LaunchScreen.storyboard in Resources */,
				700D658822B36D05005BF026 /* Assets.xcassets in Resources */,
				700D658622B36CFB005BF026 /* Main.storyboard in Resources */,
			);
			runOnlyForDeploymentPostprocessing = 0;
		};
/* End PBXResourcesBuildPhase section */

/* Begin PBXShellScriptBuildPhase section */
		E283B75FD68B2DD85ED682B6 /* [CP] Check Pods Manifest.lock */ = {
			isa = PBXShellScriptBuildPhase;
			buildActionMask = 2147483647;
			files = (
			);
			inputPaths = (
				"${PODS_PODFILE_DIR_PATH}/Podfile.lock",
				"${PODS_ROOT}/Manifest.lock",
			);
			name = "[CP] Check Pods Manifest.lock";
			outputPaths = (
				"$(DERIVED_FILE_DIR)/Pods-urlsessionUpload-checkManifestLockResult.txt",
			);
			runOnlyForDeploymentPostprocessing = 0;
			shellPath = /bin/sh;
			shellScript = "diff \"${PODS_PODFILE_DIR_PATH}/Podfile.lock\" \"${PODS_ROOT}/Manifest.lock\" > /dev/null\nif [ $? != 0 ] ; then\n    # print error to STDERR\n    echo \"error: The sandbox is not in sync with the Podfile.lock. Run 'pod install' or update your CocoaPods installation.\" >&2\n    exit 1\nfi\n# This output is used by Xcode 'outputs' to avoid re-running this script phase.\necho \"SUCCESS\" > \"${SCRIPT_OUTPUT_FILE_0}\"\n";
			showEnvVarsInLog = 0;
		};
/* End PBXShellScriptBuildPhase section */

/* Begin PBXSourcesBuildPhase section */
		700D657722B36CFB005BF026 /* Sources */ = {
			isa = PBXSourcesBuildPhase;
			buildActionMask = 2147483647;
			files = (
				700D658322B36CFB005BF026 /* ViewController.m in Sources */,
				700D658E22B36D05005BF026 /* main.m in Sources */,
				700D658022B36CFB005BF026 /* AppDelegate.m in Sources */,
			);
			runOnlyForDeploymentPostprocessing = 0;
		};
/* End PBXSourcesBuildPhase section */

/* Begin PBXVariantGroup section */
		700D658422B36CFB005BF026 /* Main.storyboard */ = {
			isa = PBXVariantGroup;
			children = (
				700D658522B36CFB005BF026 /* Base */,
			);
			name = Main.storyboard;
			sourceTree = "<group>";
		};
		700D658922B36D05005BF026 /* LaunchScreen.storyboard */ = {
			isa = PBXVariantGroup;
			children = (
				700D658A22B36D05005BF026 /* Base */,
			);
			name = LaunchScreen.storyboard;
			sourceTree = "<group>";
		};
/* End PBXVariantGroup section */

/* Begin XCBuildConfiguration section */
		700D658F22B36D05005BF026 /* Debug */ = {
			isa = XCBuildConfiguration;
			buildSettings = {
				ALWAYS_SEARCH_USER_PATHS = NO;
				CLANG_ANALYZER_NONNULL = YES;
				CLANG_ANALYZER_NUMBER_OBJECT_CONVERSION = YES_AGGRESSIVE;
				CLANG_CXX_LANGUAGE_STANDARD = "gnu++14";
				CLANG_CXX_LIBRARY = "libc++";
				CLANG_ENABLE_MODULES = YES;
				CLANG_ENABLE_OBJC_ARC = YES;
				CLANG_ENABLE_OBJC_WEAK = YES;
				CLANG_WARN_BLOCK_CAPTURE_AUTORELEASING = YES;
				CLANG_WARN_BOOL_CONVERSION = YES;
				CLANG_WARN_COMMA = YES;
				CLANG_WARN_CONSTANT_CONVERSION = YES;
				CLANG_WARN_DEPRECATED_OBJC_IMPLEMENTATIONS = YES;
				CLANG_WARN_DIRECT_OBJC_ISA_USAGE = YES_ERROR;
				CLANG_WARN_DOCUMENTATION_COMMENTS = YES;
				CLANG_WARN_EMPTY_BODY = YES;
				CLANG_WARN_ENUM_CONVERSION = YES;
				CLANG_WARN_INFINITE_RECURSION = YES;
				CLANG_WARN_INT_CONVERSION = YES;
				CLANG_WARN_NON_LITERAL_NULL_CONVERSION = YES;
				CLANG_WARN_OBJC_IMPLICIT_RETAIN_SELF = YES;
				CLANG_WARN_OBJC_LITERAL_CONVERSION = YES;
				CLANG_WARN_OBJC_ROOT_CLASS = YES_ERROR;
				CLANG_WARN_RANGE_LOOP_ANALYSIS = YES;
				CLANG_WARN_STRICT_PROTOTYPES = YES;
				CLANG_WARN_SUSPICIOUS_MOVE = YES;
				CLANG_WARN_UNGUARDED_AVAILABILITY = YES_AGGRESSIVE;
				CLANG_WARN_UNREACHABLE_CODE = YES;
				CLANG_WARN__DUPLICATE_METHOD_MATCH = YES;
				CODE_SIGN_IDENTITY = "iPhone Developer";
				COPY_PHASE_STRIP = NO;
				DEBUG_INFORMATION_FORMAT = dwarf;
				ENABLE_STRICT_OBJC_MSGSEND = YES;
				ENABLE_TESTABILITY = YES;
				GCC_C_LANGUAGE_STANDARD = gnu11;
				GCC_DYNAMIC_NO_PIC = NO;
				GCC_NO_COMMON_BLOCKS = YES;
				GCC_OPTIMIZATION_LEVEL = 0;
				GCC_PREPROCESSOR_DEFINITIONS = (
					"DEBUG=1",
					"$(inherited)",
				);
				GCC_WARN_64_TO_32_BIT_CONVERSION = YES;
				GCC_WARN_ABOUT_RETURN_TYPE = YES_ERROR;
				GCC_WARN_UNDECLARED_SELECTOR = YES;
				GCC_WARN_UNINITIALIZED_AUTOS = YES_AGGRESSIVE;
				GCC_WARN_UNUSED_FUNCTION = YES;
				GCC_WARN_UNUSED_VARIABLE = YES;
				IPHONEOS_DEPLOYMENT_TARGET = 12.2;
				MTL_ENABLE_DEBUG_INFO = INCLUDE_SOURCE;
				MTL_FAST_MATH = YES;
				ONLY_ACTIVE_ARCH = YES;
				SDKROOT = iphoneos;
			};
			name = Debug;
		};
		700D659022B36D05005BF026 /* Release */ = {
			isa = XCBuildConfiguration;
			buildSettings = {
				ALWAYS_SEARCH_USER_PATHS = NO;
				CLANG_ANALYZER_NONNULL = YES;
				CLANG_ANALYZER_NUMBER_OBJECT_CONVERSION = YES_AGGRESSIVE;
				CLANG_CXX_LANGUAGE_STANDARD = "gnu++14";
				CLANG_CXX_LIBRARY = "libc++";
				CLANG_ENABLE_MODULES = YES;
				CLANG_ENABLE_OBJC_ARC = YES;
				CLANG_ENABLE_OBJC_WEAK = YES;
				CLANG_WARN_BLOCK_CAPTURE_AUTORELEASING = YES;
				CLANG_WARN_BOOL_CONVERSION = YES;
				CLANG_WARN_COMMA = YES;
				CLANG_WARN_CONSTANT_CONVERSION = YES;
				CLANG_WARN_DEPRECATED_OBJC_IMPLEMENTATIONS = YES;
				CLANG_WARN_DIRECT_OBJC_ISA_USAGE = YES_ERROR;
				CLANG_WARN_DOCUMENTATION_COMMENTS = YES;
				CLANG_WARN_EMPTY_BODY = YES;
				CLANG_WARN_ENUM_CONVERSION = YES;
				CLANG_WARN_INFINITE_RECURSION = YES;
				CLANG_WARN_INT_CONVERSION = YES;
				CLANG_WARN_NON_LITERAL_NULL_CONVERSION = YES;
				CLANG_WARN_OBJC_IMPLICIT_RETAIN_SELF = YES;
				CLANG_WARN_OBJC_LITERAL_CONVERSION = YES;
				CLANG_WARN_OBJC_ROOT_CLASS = YES_ERROR;
				CLANG_WARN_RANGE_LOOP_ANALYSIS = YES;
				CLANG_WARN_STRICT_PROTOTYPES = YES;
				CLANG_WARN_SUSPICIOUS_MOVE = YES;
				CLANG_WARN_UNGUARDED_AVAILABILITY = YES_AGGRESSIVE;
				CLANG_WARN_UNREACHABLE_CODE = YES;
				CLANG_WARN__DUPLICATE_METHOD_MATCH = YES;
				CODE_SIGN_IDENTITY = "iPhone Developer";
				COPY_PHASE_STRIP = NO;
				DEBUG_INFORMATION_FORMAT = "dwarf-with-dsym";
				ENABLE_NS_ASSERTIONS = NO;
				ENABLE_STRICT_OBJC_MSGSEND = YES;
				GCC_C_LANGUAGE_STANDARD = gnu11;
				GCC_NO_COMMON_BLOCKS = YES;
				GCC_WARN_64_TO_32_BIT_CONVERSION = YES;
				GCC_WARN_ABOUT_RETURN_TYPE = YES_ERROR;
				GCC_WARN_UNDECLARED_SELECTOR = YES;
				GCC_WARN_UNINITIALIZED_AUTOS = YES_AGGRESSIVE;
				GCC_WARN_UNUSED_FUNCTION = YES;
				GCC_WARN_UNUSED_VARIABLE = YES;
				IPHONEOS_DEPLOYMENT_TARGET = 12.2;
				MTL_ENABLE_DEBUG_INFO = NO;
				MTL_FAST_MATH = YES;
				SDKROOT = iphoneos;
				VALIDATE_PRODUCT = YES;
			};
			name = Release;
		};
		700D659222B36D05005BF026 /* Debug */ = {
			isa = XCBuildConfiguration;
			baseConfigurationReference = B0D4892994F0E01FF6F82026 /* Pods-urlsessionUpload.debug.xcconfig */;
			buildSettings = {
				ASSETCATALOG_COMPILER_APPICON_NAME = AppIcon;
				CODE_SIGN_STYLE = Automatic;
				DEVELOPMENT_TEAM = JEMKAEM9ND;
				INFOPLIST_FILE = urlsessionUpload/Info.plist;
				IPHONEOS_DEPLOYMENT_TARGET = 11.1;
				LD_RUNPATH_SEARCH_PATHS = (
					"$(inherited)",
					"@executable_path/Frameworks",
				);
				PRODUCT_BUNDLE_IDENTIFIER = com.gnway.urlsessionUpload;
				PRODUCT_NAME = "$(TARGET_NAME)";
				TARGETED_DEVICE_FAMILY = "1,2";
			};
			name = Debug;
		};
		700D659322B36D05005BF026 /* Release */ = {
			isa = XCBuildConfiguration;
			baseConfigurationReference = 0856A7C9F3FBD82C567D9061 /* Pods-urlsessionUpload.release.xcconfig */;
			buildSettings = {
				ASSETCATALOG_COMPILER_APPICON_NAME = AppIcon;
				CODE_SIGN_STYLE = Automatic;
				DEVELOPMENT_TEAM = JEMKAEM9ND;
				INFOPLIST_FILE = urlsessionUpload/Info.plist;
				IPHONEOS_DEPLOYMENT_TARGET = 11.1;
				LD_RUNPATH_SEARCH_PATHS = (
					"$(inherited)",
					"@executable_path/Frameworks",
				);
				PRODUCT_BUNDLE_IDENTIFIER = com.gnway.urlsessionUpload;
				PRODUCT_NAME = "$(TARGET_NAME)";
				TARGETED_DEVICE_FAMILY = "1,2";
			};
			name = Release;
		};
/* End XCBuildConfiguration section */

/* Begin XCConfigurationList section */
		700D657622B36CFB005BF026 /* Build configuration list for PBXProject "urlsessionUpload" */ = {
			isa = XCConfigurationList;
			buildConfigurations = (
				700D658F22B36D05005BF026 /* Debug */,
				700D659022B36D05005BF026 /* Release */,
			);
			defaultConfigurationIsVisible = 0;
			defaultConfigurationName = Release;
		};
		700D659122B36D05005BF026 /* Build configuration list for PBXNativeTarget "urlsessionUpload" */ = {
			isa = XCConfigurationList;
			buildConfigurations = (
				700D659222B36D05005BF026 /* Debug */,
				700D659322B36D05005BF026 /* Release */,
			);
			defaultConfigurationIsVisible = 0;
			defaultConfigurationName = Release;
		};
/* End XCConfigurationList section */
	};
	rootObject = 700D657322B36CFB005BF026 /* Project object */;
}
